
Microsoft Visual Studio Solution File, Format Version 12.00
# Visual Studio Version 17
VisualStudioVersion = 17.6.33927.249
MinimumVisualStudioVersion = 10.0.40219.1
Project("{FAE04EC0-301F-11D3-BF4B-00C04F79EFBC}") = "InvokingMembers", "InvokingMembers\InvokingMembers.csproj", "{B9B8E4D7-C85A-4C4A-979D-A50E155DEE99}"
EndProject
Global
	GlobalSection(SolutionConfigurationPlatforms) = preSolution
		Debug|Any CPU = Debug|Any CPU
		Release|Any CPU = Release|Any CPU
	EndGlobalSection
	GlobalSection(ProjectConfigurationPlatforms) = postSolution
		{B9B8E4D7-C85A-4C4A-979D-A50E155DEE99}.Debug|Any CPU.ActiveCfg = Debug|Any CPU
		{B9B8E4D7-C85A-4C4A-979D-A50E155DEE99}.Debug|Any CPU.Build.0 = Debug|Any CPU
		{B9B8E4D7-C85A-4C4A-979D-A50E155DEE99}.Release|Any CPU.ActiveCfg = Release|Any CPU
		{B9B8E4D7-C85A-4C4A-979D-A50E155DEE99}.Release|Any CPU.Build.0 = Release|Any CPU
	EndGlobalSection
	GlobalSection(SolutionProperties) = preSolution
		HideSolutionNode = FALSE
	EndGlobalSection
	GlobalSection(ExtensibilityGlobals) = postSolution
		SolutionGuid = {6AC0BF9E-7364-42EC-AA3F-2E0E0BD0C252}
	EndGlobalSection
EndGlobal
